
Microsoft Visual Studio Solution File, Format Version 12.00
# Visual Studio Version 16
VisualStudioVersion = 16.0.30804.86
MinimumVisualStudioVersion = 10.0.40219.1
Project("{FAE04EC0-301F-11D3-BF4B-00C04F79EFBC}") = "LoginForm", "LoginForm\LoginForm.csproj", "{527D54FD-1BB7-4BC5-84DA-FFA37852B722}"
EndProject
Global
	GlobalSection(SolutionConfigurationPlatforms) = preSolution
		Debug|Any CPU = Debug|Any CPU
		Release|Any CPU = Release|Any CPU
	EndGlobalSection
	GlobalSection(ProjectConfigurationPlatforms) = postSolution
		{527D54FD-1BB7-4BC5-84DA-FFA37852B722}.Debug|Any CPU.ActiveCfg = Debug|Any CPU
		{527D54FD-1BB7-4BC5-84DA-FFA37852B722}.Debug|Any CPU.Build.0 = Debug|Any CPU
		{527D54FD-1BB7-4BC5-84DA-FFA37852B722}.Release|Any CPU.ActiveCfg = Release|Any CPU
		{527D54FD-1BB7-4BC5-84DA-FFA37852B722}.Release|Any CPU.Build.0 = Release|Any CPU
	EndGlobalSection
	GlobalSection(SolutionProperties) = preSolution
		HideSolutionNode = FALSE
	EndGlobalSection
	GlobalSection(ExtensibilityGlobals) = postSolution
		SolutionGuid = {8B9C7448-469A-4FD6-BB8D-E51914C1D32C}
	EndGlobalSection
EndGlobal
